# THIS IS AN AUTOGENERATED FILE. DO NOT EDIT THIS FILE DIRECTLY.
# yarn lockfile v1


sweetalert2@^11.4.23:
  version "11.4.23"
  resolved "https://registry.yarnpkg.com/sweetalert2/-/sweetalert2-11.4.23.tgz#a29b1d43bbfd579c1a54952da2a18a8d1a41cf0e"
  integrity sha512-BfO0gIIHu4SJiixBHpCmd74W+EkORJPX9zy5HLp6vkMAz7RsUED7BhrOBEYrYYgw9nnbxYOwzJDDVPNuK1JQtQ==
